
Microsoft Visual Studio Solution File, Format Version 12.00
# Visual Studio Version 16
VisualStudioVersion = 16.0.31112.23
MinimumVisualStudioVersion = 10.0.40219.1
Project("{FAE04EC0-301F-11D3-BF4B-00C04F79EFBC}") = "SalesWebMvc", "SalesWebMvc\SalesWebMvc.csproj", "{FC24CBAB-05AB-4914-966C-31AE5FBC2E63}"
EndProject
Global
	GlobalSection(SolutionConfigurationPlatforms) = preSolution
		Debug|Any CPU = Debug|Any CPU
		Release|Any CPU = Release|Any CPU
	EndGlobalSection
	GlobalSection(ProjectConfigurationPlatforms) = postSolution
		{FC24CBAB-05AB-4914-966C-31AE5FBC2E63}.Debug|Any CPU.ActiveCfg = Debug|Any CPU
		{FC24CBAB-05AB-4914-966C-31AE5FBC2E63}.Debug|Any CPU.Build.0 = Debug|Any CPU
		{FC24CBAB-05AB-4914-966C-31AE5FBC2E63}.Release|Any CPU.ActiveCfg = Release|Any CPU
		{FC24CBAB-05AB-4914-966C-31AE5FBC2E63}.Release|Any CPU.Build.0 = Release|Any CPU
	EndGlobalSection
	GlobalSection(SolutionProperties) = preSolution
		HideSolutionNode = FALSE
	EndGlobalSection
	GlobalSection(ExtensibilityGlobals) = postSolution
		SolutionGuid = {5C5270FF-5D46-4B1A-A2F6-03C1FBC1EBFE}
	EndGlobalSection
EndGlobal
